
Microsoft Visual Studio Solution File, Format Version 12.00
# Visual Studio Version 16
VisualStudioVersion = 16.0.29911.84
MinimumVisualStudioVersion = 10.0.40219.1
Project("{9A19103F-16F7-4668-BE54-9A1E7A4F7556}") = "StarRocks", "StarRocks\StarRocks.csproj", "{302B8FA8-8BAE-4EA9-90DE-51C0132D8729}"
EndProject
Project("{9A19103F-16F7-4668-BE54-9A1E7A4F7556}") = "StarRocks.Data", "StarRocks.Data\StarRocks.Data.csproj", "{0CFE81FE-6C59-481F-A138-5AD60B65C14E}"
EndProject
Project("{9A19103F-16F7-4668-BE54-9A1E7A4F7556}") = "StarRocks.Logic", "StarRocks.Logic\StarRocks.Logic.csproj", "{868564FA-2D00-44CC-8721-A0686A1D824F}"
EndProject
Project("{FAE04EC0-301F-11D3-BF4B-00C04F79EFBC}") = "StarRocks.Interfaces", "StarRocks.Interfaces\StarRocks.Interfaces.csproj", "{13BD9C23-ABA0-4932-8992-536B022F06F4}"
EndProject
Global
	GlobalSection(SolutionConfigurationPlatforms) = preSolution
		Debug|Any CPU = Debug|Any CPU
		Release|Any CPU = Release|Any CPU
	EndGlobalSection
	GlobalSection(ProjectConfigurationPlatforms) = postSolution
		{302B8FA8-8BAE-4EA9-90DE-51C0132D8729}.Debug|Any CPU.ActiveCfg = Debug|Any CPU
		{302B8FA8-8BAE-4EA9-90DE-51C0132D8729}.Debug|Any CPU.Build.0 = Debug|Any CPU
		{302B8FA8-8BAE-4EA9-90DE-51C0132D8729}.Release|Any CPU.ActiveCfg = Release|Any CPU
		{302B8FA8-8BAE-4EA9-90DE-51C0132D8729}.Release|Any CPU.Build.0 = Release|Any CPU
		{0CFE81FE-6C59-481F-A138-5AD60B65C14E}.Debug|Any CPU.ActiveCfg = Debug|Any CPU
		{0CFE81FE-6C59-481F-A138-5AD60B65C14E}.Debug|Any CPU.Build.0 = Debug|Any CPU
		{0CFE81FE-6C59-481F-A138-5AD60B65C14E}.Release|Any CPU.ActiveCfg = Release|Any CPU
		{0CFE81FE-6C59-481F-A138-5AD60B65C14E}.Release|Any CPU.Build.0 = Release|Any CPU
		{868564FA-2D00-44CC-8721-A0686A1D824F}.Debug|Any CPU.ActiveCfg = Debug|Any CPU
		{868564FA-2D00-44CC-8721-A0686A1D824F}.Debug|Any CPU.Build.0 = Debug|Any CPU
		{868564FA-2D00-44CC-8721-A0686A1D824F}.Release|Any CPU.ActiveCfg = Release|Any CPU
		{868564FA-2D00-44CC-8721-A0686A1D824F}.Release|Any CPU.Build.0 = Release|Any CPU
		{13BD9C23-ABA0-4932-8992-536B022F06F4}.Debug|Any CPU.ActiveCfg = Debug|Any CPU
		{13BD9C23-ABA0-4932-8992-536B022F06F4}.Debug|Any CPU.Build.0 = Debug|Any CPU
		{13BD9C23-ABA0-4932-8992-536B022F06F4}.Release|Any CPU.ActiveCfg = Release|Any CPU
		{13BD9C23-ABA0-4932-8992-536B022F06F4}.Release|Any CPU.Build.0 = Release|Any CPU
	EndGlobalSection
	GlobalSection(SolutionProperties) = preSolution
		HideSolutionNode = FALSE
	EndGlobalSection
	GlobalSection(ExtensibilityGlobals) = postSolution
		SolutionGuid = {6A6812DE-5A1B-41B6-9672-4B33C78DDEF8}
	EndGlobalSection
EndGlobal
